
Microsoft Visual Studio Solution File, Format Version 12.00
# Visual Studio Version 17
VisualStudioVersion = 17.0.31903.59
MinimumVisualStudioVersion = 10.0.40219.1
Project("{2150E333-8FDC-42A3-9474-1A3956D46DE8}") = "src", "src", "{827E0CD3-B72D-47B6-A68D-7590B98EB39B}"
EndProject
Project("{FAE04EC0-301F-11D3-BF4B-00C04F79EFBC}") = "Forge.Shared", "src\Forge.Shared\Forge.Shared.csproj", "{38B8E357-F605-4BAB-98BA-5891B355F059}"
EndProject
Project("{FAE04EC0-301F-11D3-BF4B-00C04F79EFBC}") = "Forge.Server", "src\Forge.Server\Forge.Server.csproj", "{58293481-E03D-4795-8884-F5C5ACFA3324}"
EndProject
Project("{FAE04EC0-301F-11D3-BF4B-00C04F79EFBC}") = "Forge.Tests", "tests\Forge.Tests\Forge.Tests.csproj", "{B2541BB3-2416-4FD6-8121-937C1615A895}"
EndProject
Project("{FAE04EC0-301F-11D3-BF4B-00C04F79EFBC}") = "Forge.Plugin", "src\Forge.Plugin\Forge.Plugin.csproj", "{3DC0DA8E-E952-420B-8706-8D8065DF7F4E}"
EndProject
Global
	GlobalSection(SolutionConfigurationPlatforms) = preSolution
		Debug|Any CPU = Debug|Any CPU
		Debug|x64 = Debug|x64
		Debug|x86 = Debug|x86
		Release|Any CPU = Release|Any CPU
		Release|x64 = Release|x64
		Release|x86 = Release|x86
	EndGlobalSection
	GlobalSection(ProjectConfigurationPlatforms) = postSolution
		{38B8E357-F605-4BAB-98BA-5891B355F059}.Debug|Any CPU.ActiveCfg = Debug|Any CPU
		{38B8E357-F605-4BAB-98BA-5891B355F059}.Debug|Any CPU.Build.0 = Debug|Any CPU
		{38B8E357-F605-4BAB-98BA-5891B355F059}.Debug|x64.ActiveCfg = Debug|Any CPU
		{38B8E357-F605-4BAB-98BA-5891B355F059}.Debug|x64.Build.0 = Debug|Any CPU
		{38B8E357-F605-4BAB-98BA-5891B355F059}.Debug|x86.ActiveCfg = Debug|Any CPU
		{38B8E357-F605-4BAB-98BA-5891B355F059}.Debug|x86.Build.0 = Debug|Any CPU
		{38B8E357-F605-4BAB-98BA-5891B355F059}.Release|Any CPU.ActiveCfg = Release|Any CPU
		{38B8E357-F605-4BAB-98BA-5891B355F059}.Release|Any CPU.Build.0 = Release|Any CPU
		{38B8E357-F605-4BAB-98BA-5891B355F059}.Release|x64.ActiveCfg = Release|Any CPU
		{38B8E357-F605-4BAB-98BA-5891B355F059}.Release|x64.Build.0 = Release|Any CPU
		{38B8E357-F605-4BAB-98BA-5891B355F059}.Release|x86.ActiveCfg = Release|Any CPU
		{38B8E357-F605-4BAB-98BA-5891B355F059}.Release|x86.Build.0 = Release|Any CPU
		{58293481-E03D-4795-8884-F5C5ACFA3324}.Debug|Any CPU.ActiveCfg = Debug|Any CPU
		{58293481-E03D-4795-8884-F5C5ACFA3324}.Debug|Any CPU.Build.0 = Debug|Any CPU
		{58293481-E03D-4795-8884-F5C5ACFA3324}.Debug|x64.ActiveCfg = Debug|Any CPU
		{58293481-E03D-4795-8884-F5C5ACFA3324}.Debug|x64.Build.0 = Debug|Any CPU
		{58293481-E03D-4795-8884-F5C5ACFA3324}.Debug|x86.ActiveCfg = Debug|Any CPU
		{58293481-E03D-4795-8884-F5C5ACFA3324}.Debug|x86.Build.0 = Debug|Any CPU
		{58293481-E03D-4795-8884-F5C5ACFA3324}.Release|Any CPU.ActiveCfg = Release|Any CPU
		{58293481-E03D-4795-8884-F5C5ACFA3324}.Release|Any CPU.Build.0 = Release|Any CPU
		{58293481-E03D-4795-8884-F5C5ACFA3324}.Release|x64.ActiveCfg = Release|Any CPU
		{58293481-E03D-4795-8884-F5C5ACFA3324}.Release|x64.Build.0 = Release|Any CPU
		{58293481-E03D-4795-8884-F5C5ACFA3324}.Release|x86.ActiveCfg = Release|Any CPU
		{58293481-E03D-4795-8884-F5C5ACFA3324}.Release|x86.Build.0 = Release|Any CPU
		{B2541BB3-2416-4FD6-8121-937C1615A895}.Debug|Any CPU.ActiveCfg = Debug|Any CPU
		{B2541BB3-2416-4FD6-8121-937C1615A895}.Debug|Any CPU.Build.0 = Debug|Any CPU
		{B2541BB3-2416-4FD6-8121-937C1615A895}.Debug|x64.ActiveCfg = Debug|Any CPU
		{B2541BB3-2416-4FD6-8121-937C1615A895}.Debug|x64.Build.0 = Debug|Any CPU
		{B2541BB3-2416-4FD6-8121-937C1615A895}.Debug|x86.ActiveCfg = Debug|Any CPU
		{B2541BB3-2416-4FD6-8121-937C1615A895}.Debug|x86.Build.0 = Debug|Any CPU
		{B2541BB3-2416-4FD6-8121-937C1615A895}.Release|Any CPU.ActiveCfg = Release|Any CPU
		{B2541BB3-2416-4FD6-8121-937C1615A895}.Release|Any CPU.Build.0 = Release|Any CPU
		{B2541BB3-2416-4FD6-8121-937C1615A895}.Release|x64.ActiveCfg = Release|Any CPU
		{B2541BB3-2416-4FD6-8121-937C1615A895}.Release|x64.Build.0 = Release|Any CPU
		{B2541BB3-2416-4FD6-8121-937C1615A895}.Release|x86.ActiveCfg = Release|Any CPU
		{B2541BB3-2416-4FD6-8121-937C1615A895}.Release|x86.Build.0 = Release|Any CPU
		{3DC0DA8E-E952-420B-8706-8D8065DF7F4E}.Debug|Any CPU.ActiveCfg = Debug|Any CPU
		{3DC0DA8E-E952-420B-8706-8D8065DF7F4E}.Debug|Any CPU.Build.0 = Debug|Any CPU
		{3DC0DA8E-E952-420B-8706-8D8065DF7F4E}.Debug|x64.ActiveCfg = Debug|Any CPU
		{3DC0DA8E-E952-420B-8706-8D8065DF7F4E}.Debug|x64.Build.0 = Debug|Any CPU
		{3DC0DA8E-E952-420B-8706-8D8065DF7F4E}.Debug|x86.ActiveCfg = Debug|Any CPU
		{3DC0DA8E-E952-420B-8706-8D8065DF7F4E}.Debug|x86.Build.0 = Debug|Any CPU
		{3DC0DA8E-E952-420B-8706-8D8065DF7F4E}.Release|Any CPU.ActiveCfg = Release|Any CPU
		{3DC0DA8E-E952-420B-8706-8D8065DF7F4E}.Release|Any CPU.Build.0 = Release|Any CPU
		{3DC0DA8E-E952-420B-8706-8D8065DF7F4E}.Release|x64.ActiveCfg = Release|Any CPU
		{3DC0DA8E-E952-420B-8706-8D8065DF7F4E}.Release|x64.Build.0 = Release|Any CPU
		{3DC0DA8E-E952-420B-8706-8D8065DF7F4E}.Release|x86.ActiveCfg = Release|Any CPU
		{3DC0DA8E-E952-420B-8706-8D8065DF7F4E}.Release|x86.Build.0 = Release|Any CPU
	EndGlobalSection
	GlobalSection(SolutionProperties) = preSolution
		HideSolutionNode = FALSE
	EndGlobalSection
	GlobalSection(NestedProjects) = preSolution
		{38B8E357-F605-4BAB-98BA-5891B355F059} = {827E0CD3-B72D-47B6-A68D-7590B98EB39B}
		{58293481-E03D-4795-8884-F5C5ACFA3324} = {827E0CD3-B72D-47B6-A68D-7590B98EB39B}
		{B2541BB3-2416-4FD6-8121-937C1615A895} = {827E0CD3-B72D-47B6-A68D-7590B98EB39B}
		{3DC0DA8E-E952-420B-8706-8D8065DF7F4E} = {827E0CD3-B72D-47B6-A68D-7590B98EB39B}
	EndGlobalSection
EndGlobal
